// !$*UTF8*$!
{
	archiveVersion = 1;
	classes = {
	};
	objectVersion = 56;
	objects = {

/* Begin PBXBuildFile section */
		65CEB4352BC0AF5700A72035 /* SQLiteKullanimiApp.swift in Sources */ = {isa = PBXBuildFile; fileRef = 65CEB4342BC0AF5700A72035 /* SQLiteKullanimiApp.swift */; };
		65CEB4372BC0AF5700A72035 /* ContentView.swift in Sources */ = {isa = PBXBuildFile; fileRef = 65CEB4362BC0AF5700A72035 /* ContentView.swift */; };
		65CEB4392BC0AF5800A72035 /* Assets.xcassets in Resources */ = {isa = PBXBuildFile; fileRef = 65CEB4382BC0AF5800A72035 /* Assets.xcassets */; };
		65CEB43C2BC0AF5800A72035 /* Preview Assets.xcassets in Resources */ = {isa = PBXBuildFile; fileRef = 65CEB43B2BC0AF5800A72035 /* Preview Assets.xcassets */; };
		65CEB4522BC0B25A00A72035 /* FMDatabaseAdditions.m in Sources */ = {isa = PBXBuildFile; fileRef = 65CEB4472BC0B25A00A72035 /* FMDatabaseAdditions.m */; };
		65CEB4532BC0B25A00A72035 /* FMDatabaseQueue.m in Sources */ = {isa = PBXBuildFile; fileRef = 65CEB44B2BC0B25A00A72035 /* FMDatabaseQueue.m */; };
		65CEB4542BC0B25A00A72035 /* FMResultSet.m in Sources */ = {isa = PBXBuildFile; fileRef = 65CEB44D2BC0B25A00A72035 /* FMResultSet.m */; };
		65CEB4552BC0B25A00A72035 /* FMDatabasePool.m in Sources */ = {isa = PBXBuildFile; fileRef = 65CEB44E2BC0B25A00A72035 /* FMDatabasePool.m */; };
		65CEB4562BC0B25A00A72035 /* FMDatabase.m in Sources */ = {isa = PBXBuildFile; fileRef = 65CEB4502BC0B25A00A72035 /* FMDatabase.m */; };
		65CEB45A2BC0B51600A72035 /* KisilerDao.swift in Sources */ = {isa = PBXBuildFile; fileRef = 65CEB4592BC0B51600A72035 /* KisilerDao.swift */; };
		65CEB45C2BC0B75B00A72035 /* Rehber.sqlite in Resources */ = {isa = PBXBuildFile; fileRef = 65CEB45B2BC0B75B00A72035 /* Rehber.sqlite */; };
/* End PBXBuildFile section */

/* Begin PBXFileReference section */
		65CEB4312BC0AF5700A72035 /* SQLiteKullanimi.app */ = {isa = PBXFileReference; explicitFileType = wrapper.application; includeInIndex = 0; path = SQLiteKullanimi.app; sourceTree = BUILT_PRODUCTS_DIR; };
		65CEB4342BC0AF5700A72035 /* SQLiteKullanimiApp.swift */ = {isa = PBXFileReference; lastKnownFileType = sourcecode.swift; path = SQLiteKullanimiApp.swift; sourceTree = "<group>"; };
		65CEB4362BC0AF5700A72035 /* ContentView.swift */ = {isa = PBXFileReference; lastKnownFileType = sourcecode.swift; path = ContentView.swift; sourceTree = "<group>"; };
		65CEB4382BC0AF5800A72035 /* Assets.xcassets */ = {isa = PBXFileReference; lastKnownFileType = folder.assetcatalog; path = Assets.xcassets; sourceTree = "<group>"; };
		65CEB43B2BC0AF5800A72035 /* Preview Assets.xcassets */ = {isa = PBXFileReference; lastKnownFileType = folder.assetcatalog; path = "Preview Assets.xcassets"; sourceTree = "<group>"; };
		65CEB4452BC0B18D00A72035 /* libsqlite3.tbd */ = {isa = PBXFileReference; lastKnownFileType = "sourcecode.text-based-dylib-definition"; name = libsqlite3.tbd; path = usr/lib/libsqlite3.tbd; sourceTree = SDKROOT; };
		65CEB4462BC0B25900A72035 /* SQLiteKullanimi-Bridging-Header.h */ = {isa = PBXFileReference; lastKnownFileType = sourcecode.c.h; path = "SQLiteKullanimi-Bridging-Header.h"; sourceTree = "<group>"; };
		65CEB4472BC0B25A00A72035 /* FMDatabaseAdditions.m */ = {isa = PBXFileReference; fileEncoding = 4; lastKnownFileType = sourcecode.c.objc; path = FMDatabaseAdditions.m; sourceTree = "<group>"; };
		65CEB4482BC0B25A00A72035 /* FMDatabaseAdditions.h */ = {isa = PBXFileReference; fileEncoding = 4; lastKnownFileType = sourcecode.c.h; path = FMDatabaseAdditions.h; sourceTree = "<group>"; };
		65CEB4492BC0B25A00A72035 /* FMDatabasePool.h */ = {isa = PBXFileReference; fileEncoding = 4; lastKnownFileType = sourcecode.c.h; path = FMDatabasePool.h; sourceTree = "<group>"; };
		65CEB44A2BC0B25A00A72035 /* FMDatabase.h */ = {isa = PBXFileReference; fileEncoding = 4; lastKnownFileType = sourcecode.c.h; path = FMDatabase.h; sourceTree = "<group>"; };
		65CEB44B2BC0B25A00A72035 /* FMDatabaseQueue.m */ = {isa = PBXFileReference; fileEncoding = 4; lastKnownFileType = sourcecode.c.objc; path = FMDatabaseQueue.m; sourceTree = "<group>"; };
		65CEB44C2BC0B25A00A72035 /* FMDB.h */ = {isa = PBXFileReference; fileEncoding = 4; lastKnownFileType = sourcecode.c.h; path = FMDB.h; sourceTree = "<group>"; };
		65CEB44D2BC0B25A00A72035 /* FMResultSet.m */ = {isa = PBXFileReference; fileEncoding = 4; lastKnownFileType = sourcecode.c.objc; path = FMResultSet.m; sourceTree = "<group>"; };
		65CEB44E2BC0B25A00A72035 /* FMDatabasePool.m */ = {isa = PBXFileReference; fileEncoding = 4; lastKnownFileType = sourcecode.c.objc; path = FMDatabasePool.m; sourceTree = "<group>"; };
		65CEB44F2BC0B25A00A72035 /* FMResultSet.h */ = {isa = PBXFileReference; fileEncoding = 4; lastKnownFileType = sourcecode.c.h; path = FMResultSet.h; sourceTree = "<group>"; };
		65CEB4502BC0B25A00A72035 /* FMDatabase.m */ = {isa = PBXFileReference; fileEncoding = 4; lastKnownFileType = sourcecode.c.objc; path = FMDatabase.m; sourceTree = "<group>"; };
		65CEB4512BC0B25A00A72035 /* FMDatabaseQueue.h */ = {isa = PBXFileReference; fileEncoding = 4; lastKnownFileType = sourcecode.c.h; path = FMDatabaseQueue.h; sourceTree = "<group>"; };
		65CEB4592BC0B51600A72035 /* KisilerDao.swift */ = {isa = PBXFileReference; lastKnownFileType = sourcecode.swift; path = KisilerDao.swift; sourceTree = "<group>"; };
		65CEB45B2BC0B75B00A72035 /* Rehber.sqlite */ = {isa = PBXFileReference; lastKnownFileType = file; name = Rehber.sqlite; path = ../../Rehber/Rehber.sqlite; sourceTree = "<group>"; };
/* End PBXFileReference section */

/* Begin PBXFrameworksBuildPhase section */
		65CEB42E2BC0AF5700A72035 /* Frameworks */ = {
			isa = PBXFrameworksBuildPhase;
			buildActionMask = 2147483647;
			files = (
			);
			runOnlyForDeploymentPostprocessing = 0;
		};
/* End PBXFrameworksBuildPhase section */

/* Begin PBXGroup section */
		65CEB4282BC0AF5700A72035 = {
			isa = PBXGroup;
			children = (
				65CEB4332BC0AF5700A72035 /* SQLiteKullanimi */,
				65CEB4322BC0AF5700A72035 /* Products */,
				65CEB4442BC0B18D00A72035 /* Frameworks */,
			);
			sourceTree = "<group>";
		};
		65CEB4322BC0AF5700A72035 /* Products */ = {
			isa = PBXGroup;
			children = (
				65CEB4312BC0AF5700A72035 /* SQLiteKullanimi.app */,
			);
			name = Products;
			sourceTree = "<group>";
		};
		65CEB4332BC0AF5700A72035 /* SQLiteKullanimi */ = {
			isa = PBXGroup;
			children = (
				65CEB4342BC0AF5700A72035 /* SQLiteKullanimiApp.swift */,
				65CEB4362BC0AF5700A72035 /* ContentView.swift */,
				65CEB4592BC0B51600A72035 /* KisilerDao.swift */,
				65CEB4382BC0AF5800A72035 /* Assets.xcassets */,
				65CEB45B2BC0B75B00A72035 /* Rehber.sqlite */,
				65CEB4582BC0B2C000A72035 /* FMD */,
				65CEB43A2BC0AF5800A72035 /* Preview Content */,
				65CEB4462BC0B25900A72035 /* SQLiteKullanimi-Bridging-Header.h */,
			);
			path = SQLiteKullanimi;
			sourceTree = "<group>";
		};
		65CEB43A2BC0AF5800A72035 /* Preview Content */ = {
			isa = PBXGroup;
			children = (
				65CEB43B2BC0AF5800A72035 /* Preview Assets.xcassets */,
			);
			path = "Preview Content";
			sourceTree = "<group>";
		};
		65CEB4442BC0B18D00A72035 /* Frameworks */ = {
			isa = PBXGroup;
			children = (
				65CEB4452BC0B18D00A72035 /* libsqlite3.tbd */,
			);
			name = Frameworks;
			sourceTree = "<group>";
		};
		65CEB4582BC0B2C000A72035 /* FMD */ = {
			isa = PBXGroup;
			children = (
				65CEB44A2BC0B25A00A72035 /* FMDatabase.h */,
				65CEB4502BC0B25A00A72035 /* FMDatabase.m */,
				65CEB4482BC0B25A00A72035 /* FMDatabaseAdditions.h */,
				65CEB4472BC0B25A00A72035 /* FMDatabaseAdditions.m */,
				65CEB4492BC0B25A00A72035 /* FMDatabasePool.h */,
				65CEB44E2BC0B25A00A72035 /* FMDatabasePool.m */,
				65CEB4512BC0B25A00A72035 /* FMDatabaseQueue.h */,
				65CEB44B2BC0B25A00A72035 /* FMDatabaseQueue.m */,
				65CEB44C2BC0B25A00A72035 /* FMDB.h */,
				65CEB44F2BC0B25A00A72035 /* FMResultSet.h */,
				65CEB44D2BC0B25A00A72035 /* FMResultSet.m */,
			);
			name = FMD;
			sourceTree = "<group>";
		};
/* End PBXGroup section */

/* Begin PBXNativeTarget section */
		65CEB4302BC0AF5700A72035 /* SQLiteKullanimi */ = {
			isa = PBXNativeTarget;
			buildConfigurationList = 65CEB43F2BC0AF5800A72035 /* Build configuration list for PBXNativeTarget "SQLiteKullanimi" */;
			buildPhases = (
				65CEB42D2BC0AF5700A72035 /* Sources */,
				65CEB42E2BC0AF5700A72035 /* Frameworks */,
				65CEB42F2BC0AF5700A72035 /* Resources */,
			);
			buildRules = (
			);
			dependencies = (
			);
			name = SQLiteKullanimi;
			productName = SQLiteKullanimi;
			productReference = 65CEB4312BC0AF5700A72035 /* SQLiteKullanimi.app */;
			productType = "com.apple.product-type.application";
		};
/* End PBXNativeTarget section */

/* Begin PBXProject section */
		65CEB4292BC0AF5700A72035 /* Project object */ = {
			isa = PBXProject;
			attributes = {
				BuildIndependentTargetsInParallel = 1;
				LastSwiftUpdateCheck = 1530;
				LastUpgradeCheck = 1530;
				TargetAttributes = {
					65CEB4302BC0AF5700A72035 = {
						CreatedOnToolsVersion = 15.3;
						LastSwiftMigration = 1530;
					};
				};
			};
			buildConfigurationList = 65CEB42C2BC0AF5700A72035 /* Build configuration list for PBXProject "SQLiteKullanimi" */;
			compatibilityVersion = "Xcode 14.0";
			developmentRegion = en;
			hasScannedForEncodings = 0;
			knownRegions = (
				en,
				Base,
			);
			mainGroup = 65CEB4282BC0AF5700A72035;
			productRefGroup = 65CEB4322BC0AF5700A72035 /* Products */;
			projectDirPath = "";
			projectRoot = "";
			targets = (
				65CEB4302BC0AF5700A72035 /* SQLiteKullanimi */,
			);
		};
/* End PBXProject section */

/* Begin PBXResourcesBuildPhase section */
		65CEB42F2BC0AF5700A72035 /* Resources */ = {
			isa = PBXResourcesBuildPhase;
			buildActionMask = 2147483647;
			files = (
				65CEB43C2BC0AF5800A72035 /* Preview Assets.xcassets in Resources */,
				65CEB45C2BC0B75B00A72035 /* Rehber.sqlite in Resources */,
				65CEB4392BC0AF5800A72035 /* Assets.xcassets in Resources */,
			);
			runOnlyForDeploymentPostprocessing = 0;
		};
/* End PBXResourcesBuildPhase section */

/* Begin PBXSourcesBuildPhase section */
		65CEB42D2BC0AF5700A72035 /* Sources */ = {
			isa = PBXSourcesBuildPhase;
			buildActionMask = 2147483647;
			files = (
				65CEB4372BC0AF5700A72035 /* ContentView.swift in Sources */,
				65CEB4552BC0B25A00A72035 /* FMDatabasePool.m in Sources */,
				65CEB45A2BC0B51600A72035 /* KisilerDao.swift in Sources */,
				65CEB4532BC0B25A00A72035 /* FMDatabaseQueue.m in Sources */,
				65CEB4562BC0B25A00A72035 /* FMDatabase.m in Sources */,
				65CEB4352BC0AF5700A72035 /* SQLiteKullanimiApp.swift in Sources */,
				65CEB4522BC0B25A00A72035 /* FMDatabaseAdditions.m in Sources */,
				65CEB4542BC0B25A00A72035 /* FMResultSet.m in Sources */,
			);
			runOnlyForDeploymentPostprocessing = 0;
		};
/* End PBXSourcesBuildPhase section */

/* Begin XCBuildConfiguration section */
		65CEB43D2BC0AF5800A72035 /* Debug */ = {
			isa = XCBuildConfiguration;
			buildSettings = {
				ALWAYS_SEARCH_USER_PATHS = NO;
				ASSETCATALOG_COMPILER_GENERATE_SWIFT_ASSET_SYMBOL_EXTENSIONS = YES;
				CLANG_ANALYZER_NONNULL = YES;
				CLANG_ANALYZER_NUMBER_OBJECT_CONVERSION = YES_AGGRESSIVE;
				CLANG_CXX_LANGUAGE_STANDARD = "gnu++20";
				CLANG_ENABLE_MODULES = YES;
				CLANG_ENABLE_OBJC_ARC = YES;
				CLANG_ENABLE_OBJC_WEAK = YES;
				CLANG_WARN_BLOCK_CAPTURE_AUTORELEASING = YES;
				CLANG_WARN_BOOL_CONVERSION = YES;
				CLANG_WARN_COMMA = YES;
				CLANG_WARN_CONSTANT_CONVERSION = YES;
				CLANG_WARN_DEPRECATED_OBJC_IMPLEMENTATIONS = YES;
				CLANG_WARN_DIRECT_OBJC_ISA_USAGE = YES_ERROR;
				CLANG_WARN_DOCUMENTATION_COMMENTS = YES;
				CLANG_WARN_EMPTY_BODY = YES;
				CLANG_WARN_ENUM_CONVERSION = YES;
				CLANG_WARN_INFINITE_RECURSION = YES;
				CLANG_WARN_INT_CONVERSION = YES;
				CLANG_WARN_NON_LITERAL_NULL_CONVERSION = YES;
				CLANG_WARN_OBJC_IMPLICIT_RETAIN_SELF = YES;
				CLANG_WARN_OBJC_LITERAL_CONVERSION = YES;
				CLANG_WARN_OBJC_ROOT_CLASS = YES_ERROR;
				CLANG_WARN_QUOTED_INCLUDE_IN_FRAMEWORK_HEADER = YES;
				CLANG_WARN_RANGE_LOOP_ANALYSIS = YES;
				CLANG_WARN_STRICT_PROTOTYPES = YES;
				CLANG_WARN_SUSPICIOUS_MOVE = YES;
				CLANG_WARN_UNGUARDED_AVAILABILITY = YES_AGGRESSIVE;
				CLANG_WARN_UNREACHABLE_CODE = YES;
				CLANG_WARN__DUPLICATE_METHOD_MATCH = YES;
				COPY_PHASE_STRIP = NO;
				DEBUG_INFORMATION_FORMAT = dwarf;
				ENABLE_STRICT_OBJC_MSGSEND = YES;
				ENABLE_TESTABILITY = YES;
				ENABLE_USER_SCRIPT_SANDBOXING = YES;
				GCC_C_LANGUAGE_STANDARD = gnu17;
				GCC_DYNAMIC_NO_PIC = NO;
				GCC_NO_COMMON_BLOCKS = YES;
				GCC_OPTIMIZATION_LEVEL = 0;
				GCC_PREPROCESSOR_DEFINITIONS = (
					"DEBUG=1",
					"$(inherited)",
				);
				GCC_WARN_64_TO_32_BIT_CONVERSION = YES;
				GCC_WARN_ABOUT_RETURN_TYPE = YES_ERROR;
				GCC_WARN_UNDECLARED_SELECTOR = YES;
				GCC_WARN_UNINITIALIZED_AUTOS = YES_AGGRESSIVE;
				GCC_WARN_UNUSED_FUNCTION = YES;
				GCC_WARN_UNUSED_VARIABLE = YES;
				IPHONEOS_DEPLOYMENT_TARGET = 17.4;
				LOCALIZATION_PREFERS_STRING_CATALOGS = YES;
				MTL_ENABLE_DEBUG_INFO = INCLUDE_SOURCE;
				MTL_FAST_MATH = YES;
				ONLY_ACTIVE_ARCH = YES;
				SDKROOT = iphoneos;
				SWIFT_ACTIVE_COMPILATION_CONDITIONS = "DEBUG $(inherited)";
				SWIFT_OPTIMIZATION_LEVEL = "-Onone";
			};
			name = Debug;
		};
		65CEB43E2BC0AF5800A72035 /* Release */ = {
			isa = XCBuildConfiguration;
			buildSettings = {
				ALWAYS_SEARCH_USER_PATHS = NO;
				ASSETCATALOG_COMPILER_GENERATE_SWIFT_ASSET_SYMBOL_EXTENSIONS = YES;
				CLANG_ANALYZER_NONNULL = YES;
				CLANG_ANALYZER_NUMBER_OBJECT_CONVERSION = YES_AGGRESSIVE;
				CLANG_CXX_LANGUAGE_STANDARD = "gnu++20";
				CLANG_ENABLE_MODULES = YES;
				CLANG_ENABLE_OBJC_ARC = YES;
				CLANG_ENABLE_OBJC_WEAK = YES;
				CLANG_WARN_BLOCK_CAPTURE_AUTORELEASING = YES;
				CLANG_WARN_BOOL_CONVERSION = YES;
				CLANG_WARN_COMMA = YES;
				CLANG_WARN_CONSTANT_CONVERSION = YES;
				CLANG_WARN_DEPRECATED_OBJC_IMPLEMENTATIONS = YES;
				CLANG_WARN_DIRECT_OBJC_ISA_USAGE = YES_ERROR;
				CLANG_WARN_DOCUMENTATION_COMMENTS = YES;
				CLANG_WARN_EMPTY_BODY = YES;
				CLANG_WARN_ENUM_CONVERSION = YES;
				CLANG_WARN_INFINITE_RECURSION = YES;
				CLANG_WARN_INT_CONVERSION = YES;
				CLANG_WARN_NON_LITERAL_NULL_CONVERSION = YES;
				CLANG_WARN_OBJC_IMPLICIT_RETAIN_SELF = YES;
				CLANG_WARN_OBJC_LITERAL_CONVERSION = YES;
				CLANG_WARN_OBJC_ROOT_CLASS = YES_ERROR;
				CLANG_WARN_QUOTED_INCLUDE_IN_FRAMEWORK_HEADER = YES;
				CLANG_WARN_RANGE_LOOP_ANALYSIS = YES;
				CLANG_WARN_STRICT_PROTOTYPES = YES;
				CLANG_WARN_SUSPICIOUS_MOVE = YES;
				CLANG_WARN_UNGUARDED_AVAILABILITY = YES_AGGRESSIVE;
				CLANG_WARN_UNREACHABLE_CODE = YES;
				CLANG_WARN__DUPLICATE_METHOD_MATCH = YES;
				COPY_PHASE_STRIP = NO;
				DEBUG_INFORMATION_FORMAT = "dwarf-with-dsym";
				ENABLE_NS_ASSERTIONS = NO;
				ENABLE_STRICT_OBJC_MSGSEND = YES;
				ENABLE_USER_SCRIPT_SANDBOXING = YES;
				GCC_C_LANGUAGE_STANDARD = gnu17;
				GCC_NO_COMMON_BLOCKS = YES;
				GCC_WARN_64_TO_32_BIT_CONVERSION = YES;
				GCC_WARN_ABOUT_RETURN_TYPE = YES_ERROR;
				GCC_WARN_UNDECLARED_SELECTOR = YES;
				GCC_WARN_UNINITIALIZED_AUTOS = YES_AGGRESSIVE;
				GCC_WARN_UNUSED_FUNCTION = YES;
				GCC_WARN_UNUSED_VARIABLE = YES;
				IPHONEOS_DEPLOYMENT_TARGET = 17.4;
				LOCALIZATION_PREFERS_STRING_CATALOGS = YES;
				MTL_ENABLE_DEBUG_INFO = NO;
				MTL_FAST_MATH = YES;
				SDKROOT = iphoneos;
				SWIFT_COMPILATION_MODE = wholemodule;
				VALIDATE_PRODUCT = YES;
			};
			name = Release;
		};
		65CEB4402BC0AF5800A72035 /* Debug */ = {
			isa = XCBuildConfiguration;
			buildSettings = {
				ASSETCATALOG_COMPILER_APPICON_NAME = AppIcon;
				ASSETCATALOG_COMPILER_GLOBAL_ACCENT_COLOR_NAME = AccentColor;
				CLANG_ENABLE_MODULES = YES;
				CODE_SIGN_STYLE = Automatic;
				CURRENT_PROJECT_VERSION = 1;
				DEVELOPMENT_ASSET_PATHS = "\"SQLiteKullanimi/Preview Content\"";
				DEVELOPMENT_TEAM = Y9XJT8FRMC;
				ENABLE_PREVIEWS = YES;
				GENERATE_INFOPLIST_FILE = YES;
				INFOPLIST_KEY_UIApplicationSceneManifest_Generation = YES;
				INFOPLIST_KEY_UIApplicationSupportsIndirectInputEvents = YES;
				INFOPLIST_KEY_UILaunchScreen_Generation = YES;
				INFOPLIST_KEY_UISupportedInterfaceOrientations_iPad = "UIInterfaceOrientationPortrait UIInterfaceOrientationPortraitUpsideDown UIInterfaceOrientationLandscapeLeft UIInterfaceOrientationLandscapeRight";
				INFOPLIST_KEY_UISupportedInterfaceOrientations_iPhone = "UIInterfaceOrientationPortrait UIInterfaceOrientationLandscapeLeft UIInterfaceOrientationLandscapeRight";
				LD_RUNPATH_SEARCH_PATHS = (
					"$(inherited)",
					"@executable_path/Frameworks",
				);
				MARKETING_VERSION = 1.0;
				PRODUCT_BUNDLE_IDENTIFIER = com.SQLiteKullanimi;
				PRODUCT_NAME = "$(TARGET_NAME)";
				SWIFT_EMIT_LOC_STRINGS = YES;
				SWIFT_OBJC_BRIDGING_HEADER = "SQLiteKullanimi/SQLiteKullanimi-Bridging-Header.h";
				SWIFT_OPTIMIZATION_LEVEL = "-Onone";
				SWIFT_VERSION = 5.0;
				TARGETED_DEVICE_FAMILY = "1,2";
			};
			name = Debug;
		};
		65CEB4412BC0AF5800A72035 /* Release */ = {
			isa = XCBuildConfiguration;
			buildSettings = {
				ASSETCATALOG_COMPILER_APPICON_NAME = AppIcon;
				ASSETCATALOG_COMPILER_GLOBAL_ACCENT_COLOR_NAME = AccentColor;
				CLANG_ENABLE_MODULES = YES;
				CODE_SIGN_STYLE = Automatic;
				CURRENT_PROJECT_VERSION = 1;
				DEVELOPMENT_ASSET_PATHS = "\"SQLiteKullanimi/Preview Content\"";
				DEVELOPMENT_TEAM = Y9XJT8FRMC;
				ENABLE_PREVIEWS = YES;
				GENERATE_INFOPLIST_FILE = YES;
				INFOPLIST_KEY_UIApplicationSceneManifest_Generation = YES;
				INFOPLIST_KEY_UIApplicationSupportsIndirectInputEvents = YES;
				INFOPLIST_KEY_UILaunchScreen_Generation = YES;
				INFOPLIST_KEY_UISupportedInterfaceOrientations_iPad = "UIInterfaceOrientationPortrait UIInterfaceOrientationPortraitUpsideDown UIInterfaceOrientationLandscapeLeft UIInterfaceOrientationLandscapeRight";
				INFOPLIST_KEY_UISupportedInterfaceOrientations_iPhone = "UIInterfaceOrientationPortrait UIInterfaceOrientationLandscapeLeft UIInterfaceOrientationLandscapeRight";
				LD_RUNPATH_SEARCH_PATHS = (
					"$(inherited)",
					"@executable_path/Frameworks",
				);
				MARKETING_VERSION = 1.0;
				PRODUCT_BUNDLE_IDENTIFIER = com.SQLiteKullanimi;
				PRODUCT_NAME = "$(TARGET_NAME)";
				SWIFT_EMIT_LOC_STRINGS = YES;
				SWIFT_OBJC_BRIDGING_HEADER = "SQLiteKullanimi/SQLiteKullanimi-Bridging-Header.h";
				SWIFT_VERSION = 5.0;
				TARGETED_DEVICE_FAMILY = "1,2";
			};
			name = Release;
		};
/* End XCBuildConfiguration section */

/* Begin XCConfigurationList section */
		65CEB42C2BC0AF5700A72035 /* Build configuration list for PBXProject "SQLiteKullanimi" */ = {
			isa = XCConfigurationList;
			buildConfigurations = (
				65CEB43D2BC0AF5800A72035 /* Debug */,
				65CEB43E2BC0AF5800A72035 /* Release */,
			);
			defaultConfigurationIsVisible = 0;
			defaultConfigurationName = Release;
		};
		65CEB43F2BC0AF5800A72035 /* Build configuration list for PBXNativeTarget "SQLiteKullanimi" */ = {
			isa = XCConfigurationList;
			buildConfigurations = (
				65CEB4402BC0AF5800A72035 /* Debug */,
				65CEB4412BC0AF5800A72035 /* Release */,
			);
			defaultConfigurationIsVisible = 0;
			defaultConfigurationName = Release;
		};
/* End XCConfigurationList section */
	};
	rootObject = 65CEB4292BC0AF5700A72035 /* Project object */;
}
